// !$*UTF8*$!
{
	archiveVersion = 1;
	classes = {
	};
	objectVersion = 50;
	objects = {

/* Begin PBXBuildFile section */
		F18E9B4A2108788E003691BE /* HockeySDKResources.bundle in Resources */ = {isa = PBXBuildFile; fileRef = F18E9B482108788D003691BE /* HockeySDKResources.bundle */; };
		F18E9B4B2108788E003691BE /* HockeySDK.framework in Frameworks */ = {isa = PBXBuildFile; fileRef = F18E9B492108788D003691BE /* HockeySDK.framework */; };
		F1D2C48D2108637500FBFB9A /* AppDelegate.swift in Sources */ = {isa = PBXBuildFile; fileRef = F1D2C48C2108637500FBFB9A /* AppDelegate.swift */; };
		F1D2C48F2108637500FBFB9A /* ViewController.swift in Sources */ = {isa = PBXBuildFile; fileRef = F1D2C48E2108637500FBFB9A /* ViewController.swift */; };
		F1D2C4922108637500FBFB9A /* Main.storyboard in Resources */ = {isa = PBXBuildFile; fileRef = F1D2C4902108637500FBFB9A /* Main.storyboard */; };
		F1D2C4942108637700FBFB9A /* Assets.xcassets in Resources */ = {isa = PBXBuildFile; fileRef = F1D2C4932108637700FBFB9A /* Assets.xcassets */; };
		F1D2C4972108637800FBFB9A /* LaunchScreen.storyboard in Resources */ = {isa = PBXBuildFile; fileRef = F1D2C4952108637800FBFB9A /* LaunchScreen.storyboard */; };
		F1D2C4A22108637800FBFB9A /* FoodTrackerTests.swift in Sources */ = {isa = PBXBuildFile; fileRef = F1D2C4A12108637800FBFB9A /* FoodTrackerTests.swift */; };
		F1D2C4AD2108637800FBFB9A /* FoodTrackerUITests.swift in Sources */ = {isa = PBXBuildFile; fileRef = F1D2C4AC2108637800FBFB9A /* FoodTrackerUITests.swift */; };
/* End PBXBuildFile section */

/* Begin PBXContainerItemProxy section */
		F1D2C49E2108637800FBFB9A /* PBXContainerItemProxy */ = {
			isa = PBXContainerItemProxy;
			containerPortal = F1D2C4812108637500FBFB9A /* Project object */;
			proxyType = 1;
			remoteGlobalIDString = F1D2C4882108637500FBFB9A;
			remoteInfo = FoodTracker;
		};
		F1D2C4A92108637800FBFB9A /* PBXContainerItemProxy */ = {
			isa = PBXContainerItemProxy;
			containerPortal = F1D2C4812108637500FBFB9A /* Project object */;
			proxyType = 1;
			remoteGlobalIDString = F1D2C4882108637500FBFB9A;
			remoteInfo = FoodTracker;
		};
/* End PBXContainerItemProxy section */

/* Begin PBXFileReference section */
		F18E9B482108788D003691BE /* HockeySDKResources.bundle */ = {isa = PBXFileReference; lastKnownFileType = "wrapper.plug-in"; path = HockeySDKResources.bundle; sourceTree = "<group>"; };
		F18E9B492108788D003691BE /* HockeySDK.framework */ = {isa = PBXFileReference; lastKnownFileType = wrapper.framework; path = HockeySDK.framework; sourceTree = "<group>"; };
		F1D2C4892108637500FBFB9A /* FoodTracker.app */ = {isa = PBXFileReference; explicitFileType = wrapper.application; includeInIndex = 0; path = FoodTracker.app; sourceTree = BUILT_PRODUCTS_DIR; };
		F1D2C48C2108637500FBFB9A /* AppDelegate.swift */ = {isa = PBXFileReference; lastKnownFileType = sourcecode.swift; path = AppDelegate.swift; sourceTree = "<group>"; };
		F1D2C48E2108637500FBFB9A /* ViewController.swift */ = {isa = PBXFileReference; lastKnownFileType = sourcecode.swift; path = ViewController.swift; sourceTree = "<group>"; };
		F1D2C4912108637500FBFB9A /* Base */ = {isa = PBXFileReference; lastKnownFileType = file.storyboard; name = Base; path = Base.lproj/Main.storyboard; sourceTree = "<group>"; };
		F1D2C4932108637700FBFB9A /* Assets.xcassets */ = {isa = PBXFileReference; lastKnownFileType = folder.assetcatalog; path = Assets.xcassets; sourceTree = "<group>"; };
		F1D2C4962108637800FBFB9A /* Base */ = {isa = PBXFileReference; lastKnownFileType = file.storyboard; name = Base; path = Base.lproj/LaunchScreen.storyboard; sourceTree = "<group>"; };
		F1D2C4982108637800FBFB9A /* Info.plist */ = {isa = PBXFileReference; lastKnownFileType = text.plist.xml; path = Info.plist; sourceTree = "<group>"; };
		F1D2C49D2108637800FBFB9A /* FoodTrackerTests.xctest */ = {isa = PBXFileReference; explicitFileType = wrapper.cfbundle; includeInIndex = 0; path = FoodTrackerTests.xctest; sourceTree = BUILT_PRODUCTS_DIR; };
		F1D2C4A12108637800FBFB9A /* FoodTrackerTests.swift */ = {isa = PBXFileReference; lastKnownFileType = sourcecode.swift; path = FoodTrackerTests.swift; sourceTree = "<group>"; };
		F1D2C4A32108637800FBFB9A /* Info.plist */ = {isa = PBXFileReference; lastKnownFileType = text.plist.xml; path = Info.plist; sourceTree = "<group>"; };
		F1D2C4A82108637800FBFB9A /* FoodTrackerUITests.xctest */ = {isa = PBXFileReference; explicitFileType = wrapper.cfbundle; includeInIndex = 0; path = FoodTrackerUITests.xctest; sourceTree = BUILT_PRODUCTS_DIR; };
		F1D2C4AC2108637800FBFB9A /* FoodTrackerUITests.swift */ = {isa = PBXFileReference; lastKnownFileType = sourcecode.swift; path = FoodTrackerUITests.swift; sourceTree = "<group>"; };
		F1D2C4AE2108637800FBFB9A /* Info.plist */ = {isa = PBXFileReference; lastKnownFileType = text.plist.xml; path = Info.plist; sourceTree = "<group>"; };
/* End PBXFileReference section */

/* Begin PBXFrameworksBuildPhase section */
		F1D2C4862108637500FBFB9A /* Frameworks */ = {
			isa = PBXFrameworksBuildPhase;
			buildActionMask = 2147483647;
			files = (
				F18E9B4B2108788E003691BE /* HockeySDK.framework in Frameworks */,
			);
			runOnlyForDeploymentPostprocessing = 0;
		};
		F1D2C49A2108637800FBFB9A /* Frameworks */ = {
			isa = PBXFrameworksBuildPhase;
			buildActionMask = 2147483647;
			files = (
			);
			runOnlyForDeploymentPostprocessing = 0;
		};
		F1D2C4A52108637800FBFB9A /* Frameworks */ = {
			isa = PBXFrameworksBuildPhase;
			buildActionMask = 2147483647;
			files = (
			);
			runOnlyForDeploymentPostprocessing = 0;
		};
/* End PBXFrameworksBuildPhase section */

/* Begin PBXGroup section */
		F18E9B472108788D003691BE /* HockeySDK.embeddedframework */ = {
			isa = PBXGroup;
			children = (
				F18E9B482108788D003691BE /* HockeySDKResources.bundle */,
				F18E9B492108788D003691BE /* HockeySDK.framework */,
			);
			name = HockeySDK.embeddedframework;
			path = "HockeySDK-iOS/HockeySDK.embeddedframework";
			sourceTree = "<group>";
		};
		F1D2C4802108637500FBFB9A = {
			isa = PBXGroup;
			children = (
				F1D2C48B2108637500FBFB9A /* FoodTracker */,
				F1D2C4A02108637800FBFB9A /* FoodTrackerTests */,
				F1D2C4AB2108637800FBFB9A /* FoodTrackerUITests */,
				F1D2C48A2108637500FBFB9A /* Products */,
				F18E9B472108788D003691BE /* HockeySDK.embeddedframework */,
			);
			sourceTree = "<group>";
		};
		F1D2C48A2108637500FBFB9A /* Products */ = {
			isa = PBXGroup;
			children = (
				F1D2C4892108637500FBFB9A /* FoodTracker.app */,
				F1D2C49D2108637800FBFB9A /* FoodTrackerTests.xctest */,
				F1D2C4A82108637800FBFB9A /* FoodTrackerUITests.xctest */,
			);
			name = Products;
			sourceTree = "<group>";
		};
		F1D2C48B2108637500FBFB9A /* FoodTracker */ = {
			isa = PBXGroup;
			children = (
				F1D2C48C2108637500FBFB9A /* AppDelegate.swift */,
				F1D2C48E2108637500FBFB9A /* ViewController.swift */,
				F1D2C4902108637500FBFB9A /* Main.storyboard */,
				F1D2C4932108637700FBFB9A /* Assets.xcassets */,
				F1D2C4952108637800FBFB9A /* LaunchScreen.storyboard */,
				F1D2C4982108637800FBFB9A /* Info.plist */,
			);
			path = FoodTracker;
			sourceTree = "<group>";
		};
		F1D2C4A02108637800FBFB9A /* FoodTrackerTests */ = {
			isa = PBXGroup;
			children = (
				F1D2C4A12108637800FBFB9A /* FoodTrackerTests.swift */,
				F1D2C4A32108637800FBFB9A /* Info.plist */,
			);
			path = FoodTrackerTests;
			sourceTree = "<group>";
		};
		F1D2C4AB2108637800FBFB9A /* FoodTrackerUITests */ = {
			isa = PBXGroup;
			children = (
				F1D2C4AC2108637800FBFB9A /* FoodTrackerUITests.swift */,
				F1D2C4AE2108637800FBFB9A /* Info.plist */,
			);
			path = FoodTrackerUITests;
			sourceTree = "<group>";
		};
/* End PBXGroup section */

/* Begin PBXNativeTarget section */
		F1D2C4882108637500FBFB9A /* FoodTracker */ = {
			isa = PBXNativeTarget;
			buildConfigurationList = F1D2C4B12108637800FBFB9A /* Build configuration list for PBXNativeTarget "FoodTracker" */;
			buildPhases = (
				F1D2C4852108637500FBFB9A /* Sources */,
				F1D2C4862108637500FBFB9A /* Frameworks */,
				F1D2C4872108637500FBFB9A /* Resources */,
				F18E9B442108771F003691BE /* ShellScript */,
			);
			buildRules = (
			);
			dependencies = (
			);
			name = FoodTracker;
			productName = FoodTracker;
			productReference = F1D2C4892108637500FBFB9A /* FoodTracker.app */;
			productType = "com.apple.product-type.application";
		};
		F1D2C49C2108637800FBFB9A /* FoodTrackerTests */ = {
			isa = PBXNativeTarget;
			buildConfigurationList = F1D2C4B42108637800FBFB9A /* Build configuration list for PBXNativeTarget "FoodTrackerTests" */;
			buildPhases = (
				F1D2C4992108637800FBFB9A /* Sources */,
				F1D2C49A2108637800FBFB9A /* Frameworks */,
				F1D2C49B2108637800FBFB9A /* Resources */,
			);
			buildRules = (
			);
			dependencies = (
				F1D2C49F2108637800FBFB9A /* PBXTargetDependency */,
			);
			name = FoodTrackerTests;
			productName = FoodTrackerTests;
			productReference = F1D2C49D2108637800FBFB9A /* FoodTrackerTests.xctest */;
			productType = "com.apple.product-type.bundle.unit-test";
		};
		F1D2C4A72108637800FBFB9A /* FoodTrackerUITests */ = {
			isa = PBXNativeTarget;
			buildConfigurationList = F1D2C4B72108637800FBFB9A /* Build configuration list for PBXNativeTarget "FoodTrackerUITests" */;
			buildPhases = (
				F1D2C4A42108637800FBFB9A /* Sources */,
				F1D2C4A52108637800FBFB9A /* Frameworks */,
				F1D2C4A62108637800FBFB9A /* Resources */,
			);
			buildRules = (
			);
			dependencies = (
				F1D2C4AA2108637800FBFB9A /* PBXTargetDependency */,
			);
			name = FoodTrackerUITests;
			productName = FoodTrackerUITests;
			productReference = F1D2C4A82108637800FBFB9A /* FoodTrackerUITests.xctest */;
			productType = "com.apple.product-type.bundle.ui-testing";
		};
/* End PBXNativeTarget section */

/* Begin PBXProject section */
		F1D2C4812108637500FBFB9A /* Project object */ = {
			isa = PBXProject;
			attributes = {
				LastSwiftUpdateCheck = 0940;
				LastUpgradeCheck = 0940;
				ORGANIZATIONNAME = "Roman Alshehri";
				TargetAttributes = {
					F1D2C4882108637500FBFB9A = {
						CreatedOnToolsVersion = 9.4.1;
					};
					F1D2C49C2108637800FBFB9A = {
						CreatedOnToolsVersion = 9.4.1;
						TestTargetID = F1D2C4882108637500FBFB9A;
					};
					F1D2C4A72108637800FBFB9A = {
						CreatedOnToolsVersion = 9.4.1;
						TestTargetID = F1D2C4882108637500FBFB9A;
					};
				};
			};
			buildConfigurationList = F1D2C4842108637500FBFB9A /* Build configuration list for PBXProject "FoodTracker" */;
			compatibilityVersion = "Xcode 9.3";
			developmentRegion = en;
			hasScannedForEncodings = 0;
			knownRegions = (
				en,
				Base,
			);
			mainGroup = F1D2C4802108637500FBFB9A;
			productRefGroup = F1D2C48A2108637500FBFB9A /* Products */;
			projectDirPath = "";
			projectRoot = "";
			targets = (
				F1D2C4882108637500FBFB9A /* FoodTracker */,
				F1D2C49C2108637800FBFB9A /* FoodTrackerTests */,
				F1D2C4A72108637800FBFB9A /* FoodTrackerUITests */,
			);
		};
/* End PBXProject section */

/* Begin PBXResourcesBuildPhase section */
		F1D2C4872108637500FBFB9A /* Resources */ = {
			isa = PBXResourcesBuildPhase;
			buildActionMask = 2147483647;
			files = (
				F1D2C4972108637800FBFB9A /* LaunchScreen.storyboard in Resources */,
				F18E9B4A2108788E003691BE /* HockeySDKResources.bundle in Resources */,
				F1D2C4942108637700FBFB9A /* Assets.xcassets in Resources */,
				F1D2C4922108637500FBFB9A /* Main.storyboard in Resources */,
			);
			runOnlyForDeploymentPostprocessing = 0;
		};
		F1D2C49B2108637800FBFB9A /* Resources */ = {
			isa = PBXResourcesBuildPhase;
			buildActionMask = 2147483647;
			files = (
			);
			runOnlyForDeploymentPostprocessing = 0;
		};
		F1D2C4A62108637800FBFB9A /* Resources */ = {
			isa = PBXResourcesBuildPhase;
			buildActionMask = 2147483647;
			files = (
			);
			runOnlyForDeploymentPostprocessing = 0;
		};
/* End PBXResourcesBuildPhase section */

/* Begin PBXShellScriptBuildPhase section */
		F18E9B442108771F003691BE /* ShellScript */ = {
			isa = PBXShellScriptBuildPhase;
			buildActionMask = 2147483647;
			files = (
			);
			inputPaths = (
			);
			outputPaths = (
			);
			runOnlyForDeploymentPostprocessing = 0;
			shellPath = /bin/sh;
			shellScript = "FILE=\"${SRCROOT}/HockeySDK-iOS/BuildAgent\"\nif [ -f \"$FILE\" ]; then\n    \"$FILE\"\nfi";
		};
/* End PBXShellScriptBuildPhase section */

/* Begin PBXSourcesBuildPhase section */
		F1D2C4852108637500FBFB9A /* Sources */ = {
			isa = PBXSourcesBuildPhase;
			buildActionMask = 2147483647;
			files = (
				F1D2C48F2108637500FBFB9A /* ViewController.swift in Sources */,
				F1D2C48D2108637500FBFB9A /* AppDelegate.swift in Sources */,
			);
			runOnlyForDeploymentPostprocessing = 0;
		};
		F1D2C4992108637800FBFB9A /* Sources */ = {
			isa = PBXSourcesBuildPhase;
			buildActionMask = 2147483647;
			files = (
				F1D2C4A22108637800FBFB9A /* FoodTrackerTests.swift in Sources */,
			);
			runOnlyForDeploymentPostprocessing = 0;
		};
		F1D2C4A42108637800FBFB9A /* Sources */ = {
			isa = PBXSourcesBuildPhase;
			buildActionMask = 2147483647;
			files = (
				F1D2C4AD2108637800FBFB9A /* FoodTrackerUITests.swift in Sources */,
			);
			runOnlyForDeploymentPostprocessing = 0;
		};
/* End PBXSourcesBuildPhase section */

/* Begin PBXTargetDependency section */
		F1D2C49F2108637800FBFB9A /* PBXTargetDependency */ = {
			isa = PBXTargetDependency;
			target = F1D2C4882108637500FBFB9A /* FoodTracker */;
			targetProxy = F1D2C49E2108637800FBFB9A /* PBXContainerItemProxy */;
		};
		F1D2C4AA2108637800FBFB9A /* PBXTargetDependency */ = {
			isa = PBXTargetDependency;
			target = F1D2C4882108637500FBFB9A /* FoodTracker */;
			targetProxy = F1D2C4A92108637800FBFB9A /* PBXContainerItemProxy */;
		};
/* End PBXTargetDependency section */

/* Begin PBXVariantGroup section */
		F1D2C4902108637500FBFB9A /* Main.storyboard */ = {
			isa = PBXVariantGroup;
			children = (
				F1D2C4912108637500FBFB9A /* Base */,
			);
			name = Main.storyboard;
			sourceTree = "<group>";
		};
		F1D2C4952108637800FBFB9A /* LaunchScreen.storyboard */ = {
			isa = PBXVariantGroup;
			children = (
				F1D2C4962108637800FBFB9A /* Base */,
			);
			name = LaunchScreen.storyboard;
			sourceTree = "<group>";
		};
/* End PBXVariantGroup section */

/* Begin XCBuildConfiguration section */
		F1D2C4AF2108637800FBFB9A /* Debug */ = {
			isa = XCBuildConfiguration;
			buildSettings = {
				ALWAYS_SEARCH_USER_PATHS = NO;
				CLANG_ANALYZER_NONNULL = YES;
				CLANG_ANALYZER_NUMBER_OBJECT_CONVERSION = YES_AGGRESSIVE;
				CLANG_CXX_LANGUAGE_STANDARD = "gnu++14";
				CLANG_CXX_LIBRARY = "libc++";
				CLANG_ENABLE_MODULES = YES;
				CLANG_ENABLE_OBJC_ARC = YES;
				CLANG_ENABLE_OBJC_WEAK = YES;
				CLANG_WARN_BLOCK_CAPTURE_AUTORELEASING = YES;
				CLANG_WARN_BOOL_CONVERSION = YES;
				CLANG_WARN_COMMA = YES;
				CLANG_WARN_CONSTANT_CONVERSION = YES;
				CLANG_WARN_DEPRECATED_OBJC_IMPLEMENTATIONS = YES;
				CLANG_WARN_DIRECT_OBJC_ISA_USAGE = YES_ERROR;
				CLANG_WARN_DOCUMENTATION_COMMENTS = YES;
				CLANG_WARN_EMPTY_BODY = YES;
				CLANG_WARN_ENUM_CONVERSION = YES;
				CLANG_WARN_INFINITE_RECURSION = YES;
				CLANG_WARN_INT_CONVERSION = YES;
				CLANG_WARN_NON_LITERAL_NULL_CONVERSION = YES;
				CLANG_WARN_OBJC_IMPLICIT_RETAIN_SELF = YES;
				CLANG_WARN_OBJC_LITERAL_CONVERSION = YES;
				CLANG_WARN_OBJC_ROOT_CLASS = YES_ERROR;
				CLANG_WARN_RANGE_LOOP_ANALYSIS = YES;
				CLANG_WARN_STRICT_PROTOTYPES = YES;
				CLANG_WARN_SUSPICIOUS_MOVE = YES;
				CLANG_WARN_UNGUARDED_AVAILABILITY = YES_AGGRESSIVE;
				CLANG_WARN_UNREACHABLE_CODE = YES;
				CLANG_WARN__DUPLICATE_METHOD_MATCH = YES;
				CODE_SIGN_IDENTITY = "iPhone Developer";
				COPY_PHASE_STRIP = NO;
				DEBUG_INFORMATION_FORMAT = dwarf;
				ENABLE_STRICT_OBJC_MSGSEND = YES;
				ENABLE_TESTABILITY = YES;
				GCC_C_LANGUAGE_STANDARD = gnu11;
				GCC_DYNAMIC_NO_PIC = NO;
				GCC_NO_COMMON_BLOCKS = YES;
				GCC_OPTIMIZATION_LEVEL = 0;
				GCC_PREPROCESSOR_DEFINITIONS = (
					"DEBUG=1",
					"$(inherited)",
				);
				GCC_WARN_64_TO_32_BIT_CONVERSION = YES;
				GCC_WARN_ABOUT_RETURN_TYPE = YES_ERROR;
				GCC_WARN_UNDECLARED_SELECTOR = YES;
				GCC_WARN_UNINITIALIZED_AUTOS = YES_AGGRESSIVE;
				GCC_WARN_UNUSED_FUNCTION = YES;
				GCC_WARN_UNUSED_VARIABLE = YES;
				IPHONEOS_DEPLOYMENT_TARGET = 11.4;
				MTL_ENABLE_DEBUG_INFO = YES;
				ONLY_ACTIVE_ARCH = YES;
				SDKROOT = iphoneos;
				SWIFT_ACTIVE_COMPILATION_CONDITIONS = DEBUG;
				SWIFT_OPTIMIZATION_LEVEL = "-Onone";
			};
			name = Debug;
		};
		F1D2C4B02108637800FBFB9A /* Release */ = {
			isa = XCBuildConfiguration;
			buildSettings = {
				ALWAYS_SEARCH_USER_PATHS = NO;
				CLANG_ANALYZER_NONNULL = YES;
				CLANG_ANALYZER_NUMBER_OBJECT_CONVERSION = YES_AGGRESSIVE;
				CLANG_CXX_LANGUAGE_STANDARD = "gnu++14";
				CLANG_CXX_LIBRARY = "libc++";
				CLANG_ENABLE_MODULES = YES;
				CLANG_ENABLE_OBJC_ARC = YES;
				CLANG_ENABLE_OBJC_WEAK = YES;
				CLANG_WARN_BLOCK_CAPTURE_AUTORELEASING = YES;
				CLANG_WARN_BOOL_CONVERSION = YES;
				CLANG_WARN_COMMA = YES;
				CLANG_WARN_CONSTANT_CONVERSION = YES;
				CLANG_WARN_DEPRECATED_OBJC_IMPLEMENTATIONS = YES;
				CLANG_WARN_DIRECT_OBJC_ISA_USAGE = YES_ERROR;
				CLANG_WARN_DOCUMENTATION_COMMENTS = YES;
				CLANG_WARN_EMPTY_BODY = YES;
				CLANG_WARN_ENUM_CONVERSION = YES;
				CLANG_WARN_INFINITE_RECURSION = YES;
				CLANG_WARN_INT_CONVERSION = YES;
				CLANG_WARN_NON_LITERAL_NULL_CONVERSION = YES;
				CLANG_WARN_OBJC_IMPLICIT_RETAIN_SELF = YES;
				CLANG_WARN_OBJC_LITERAL_CONVERSION = YES;
				CLANG_WARN_OBJC_ROOT_CLASS = YES_ERROR;
				CLANG_WARN_RANGE_LOOP_ANALYSIS = YES;
				CLANG_WARN_STRICT_PROTOTYPES = YES;
				CLANG_WARN_SUSPICIOUS_MOVE = YES;
				CLANG_WARN_UNGUARDED_AVAILABILITY = YES_AGGRESSIVE;
				CLANG_WARN_UNREACHABLE_CODE = YES;
				CLANG_WARN__DUPLICATE_METHOD_MATCH = YES;
				CODE_SIGN_IDENTITY = "iPhone Developer";
				COPY_PHASE_STRIP = NO;
				DEBUG_INFORMATION_FORMAT = "dwarf-with-dsym";
				ENABLE_NS_ASSERTIONS = NO;
				ENABLE_STRICT_OBJC_MSGSEND = YES;
				GCC_C_LANGUAGE_STANDARD = gnu11;
				GCC_NO_COMMON_BLOCKS = YES;
				GCC_WARN_64_TO_32_BIT_CONVERSION = YES;
				GCC_WARN_ABOUT_RETURN_TYPE = YES_ERROR;
				GCC_WARN_UNDECLARED_SELECTOR = YES;
				GCC_WARN_UNINITIALIZED_AUTOS = YES_AGGRESSIVE;
				GCC_WARN_UNUSED_FUNCTION = YES;
				GCC_WARN_UNUSED_VARIABLE = YES;
				IPHONEOS_DEPLOYMENT_TARGET = 11.4;
				MTL_ENABLE_DEBUG_INFO = NO;
				SDKROOT = iphoneos;
				SWIFT_COMPILATION_MODE = wholemodule;
				SWIFT_OPTIMIZATION_LEVEL = "-O";
				VALIDATE_PRODUCT = YES;
			};
			name = Release;
		};
		F1D2C4B22108637800FBFB9A /* Debug */ = {
			isa = XCBuildConfiguration;
			buildSettings = {
				ASSETCATALOG_COMPILER_APPICON_NAME = AppIcon;
				CODE_SIGN_STYLE = Automatic;
				DEVELOPMENT_TEAM = ASMCX4U85C;
				FRAMEWORK_SEARCH_PATHS = (
					"$(inherited)",
					"$(PROJECT_DIR)/HockeySDK-iOS/HockeySDK.embeddedframework",
				);
				INFOPLIST_FILE = FoodTracker/Info.plist;
				LD_RUNPATH_SEARCH_PATHS = (
					"$(inherited)",
					"@executable_path/Frameworks",
				);
				PRODUCT_BUNDLE_IDENTIFIER = "com--.example.FoodTracker";
				PRODUCT_NAME = "$(TARGET_NAME)";
				SWIFT_VERSION = 4.0;
				TARGETED_DEVICE_FAMILY = "1,2";
			};
			name = Debug;
		};
		F1D2C4B32108637800FBFB9A /* Release */ = {
			isa = XCBuildConfiguration;
			buildSettings = {
				ASSETCATALOG_COMPILER_APPICON_NAME = AppIcon;
				CODE_SIGN_STYLE = Automatic;
				DEVELOPMENT_TEAM = ASMCX4U85C;
				FRAMEWORK_SEARCH_PATHS = (
					"$(inherited)",
					"$(PROJECT_DIR)/HockeySDK-iOS/HockeySDK.embeddedframework",
				);
				INFOPLIST_FILE = FoodTracker/Info.plist;
				LD_RUNPATH_SEARCH_PATHS = (
					"$(inherited)",
					"@executable_path/Frameworks",
				);
				PRODUCT_BUNDLE_IDENTIFIER = "com--.example.FoodTracker";
				PRODUCT_NAME = "$(TARGET_NAME)";
				SWIFT_VERSION = 4.0;
				TARGETED_DEVICE_FAMILY = "1,2";
			};
			name = Release;
		};
		F1D2C4B52108637800FBFB9A /* Debug */ = {
			isa = XCBuildConfiguration;
			buildSettings = {
				ALWAYS_EMBED_SWIFT_STANDARD_LIBRARIES = YES;
				BUNDLE_LOADER = "$(TEST_HOST)";
				CODE_SIGN_STYLE = Automatic;
				INFOPLIST_FILE = FoodTrackerTests/Info.plist;
				LD_RUNPATH_SEARCH_PATHS = (
					"$(inherited)",
					"@executable_path/Frameworks",
					"@loader_path/Frameworks",
				);
				PRODUCT_BUNDLE_IDENTIFIER = example.FoodTrackerTests;
				PRODUCT_NAME = "$(TARGET_NAME)";
				SWIFT_VERSION = 4.0;
				TARGETED_DEVICE_FAMILY = "1,2";
				TEST_HOST = "$(BUILT_PRODUCTS_DIR)/FoodTracker.app/FoodTracker";
			};
			name = Debug;
		};
		F1D2C4B62108637800FBFB9A /* Release */ = {
			isa = XCBuildConfiguration;
			buildSettings = {
				ALWAYS_EMBED_SWIFT_STANDARD_LIBRARIES = YES;
				BUNDLE_LOADER = "$(TEST_HOST)";
				CODE_SIGN_STYLE = Automatic;
				INFOPLIST_FILE = FoodTrackerTests/Info.plist;
				LD_RUNPATH_SEARCH_PATHS = (
					"$(inherited)",
					"@executable_path/Frameworks",
					"@loader_path/Frameworks",
				);
				PRODUCT_BUNDLE_IDENTIFIER = example.FoodTrackerTests;
				PRODUCT_NAME = "$(TARGET_NAME)";
				SWIFT_VERSION = 4.0;
				TARGETED_DEVICE_FAMILY = "1,2";
				TEST_HOST = "$(BUILT_PRODUCTS_DIR)/FoodTracker.app/FoodTracker";
			};
			name = Release;
		};
		F1D2C4B82108637800FBFB9A /* Debug */ = {
			isa = XCBuildConfiguration;
			buildSettings = {
				ALWAYS_EMBED_SWIFT_STANDARD_LIBRARIES = YES;
				CODE_SIGN_STYLE = Automatic;
				INFOPLIST_FILE = FoodTrackerUITests/Info.plist;
				LD_RUNPATH_SEARCH_PATHS = (
					"$(inherited)",
					"@executable_path/Frameworks",
					"@loader_path/Frameworks",
				);
				PRODUCT_BUNDLE_IDENTIFIER = example.FoodTrackerUITests;
				PRODUCT_NAME = "$(TARGET_NAME)";
				SWIFT_VERSION = 4.0;
				TARGETED_DEVICE_FAMILY = "1,2";
				TEST_TARGET_NAME = FoodTracker;
			};
			name = Debug;
		};
		F1D2C4B92108637800FBFB9A /* Release */ = {
			isa = XCBuildConfiguration;
			buildSettings = {
				ALWAYS_EMBED_SWIFT_STANDARD_LIBRARIES = YES;
				CODE_SIGN_STYLE = Automatic;
				INFOPLIST_FILE = FoodTrackerUITests/Info.plist;
				LD_RUNPATH_SEARCH_PATHS = (
					"$(inherited)",
					"@executable_path/Frameworks",
					"@loader_path/Frameworks",
				);
				PRODUCT_BUNDLE_IDENTIFIER = example.FoodTrackerUITests;
				PRODUCT_NAME = "$(TARGET_NAME)";
				SWIFT_VERSION = 4.0;
				TARGETED_DEVICE_FAMILY = "1,2";
				TEST_TARGET_NAME = FoodTracker;
			};
			name = Release;
		};
/* End XCBuildConfiguration section */

/* Begin XCConfigurationList section */
		F1D2C4842108637500FBFB9A /* Build configuration list for PBXProject "FoodTracker" */ = {
			isa = XCConfigurationList;
			buildConfigurations = (
				F1D2C4AF2108637800FBFB9A /* Debug */,
				F1D2C4B02108637800FBFB9A /* Release */,
			);
			defaultConfigurationIsVisible = 0;
			defaultConfigurationName = Release;
		};
		F1D2C4B12108637800FBFB9A /* Build configuration list for PBXNativeTarget "FoodTracker" */ = {
			isa = XCConfigurationList;
			buildConfigurations = (
				F1D2C4B22108637800FBFB9A /* Debug */,
				F1D2C4B32108637800FBFB9A /* Release */,
			);
			defaultConfigurationIsVisible = 0;
			defaultConfigurationName = Release;
		};
		F1D2C4B42108637800FBFB9A /* Build configuration list for PBXNativeTarget "FoodTrackerTests" */ = {
			isa = XCConfigurationList;
			buildConfigurations = (
				F1D2C4B52108637800FBFB9A /* Debug */,
				F1D2C4B62108637800FBFB9A /* Release */,
			);
			defaultConfigurationIsVisible = 0;
			defaultConfigurationName = Release;
		};
		F1D2C4B72108637800FBFB9A /* Build configuration list for PBXNativeTarget "FoodTrackerUITests" */ = {
			isa = XCConfigurationList;
			buildConfigurations = (
				F1D2C4B82108637800FBFB9A /* Debug */,
				F1D2C4B92108637800FBFB9A /* Release */,
			);
			defaultConfigurationIsVisible = 0;
			defaultConfigurationName = Release;
		};
/* End XCConfigurationList section */
	};
	rootObject = F1D2C4812108637500FBFB9A /* Project object */;
}
